
Microsoft Visual Studio Solution File, Format Version 12.00
# Visual Studio Version 17
VisualStudioVersion = 17.9.34616.47
MinimumVisualStudioVersion = 10.0.40219.1
Project("{9A19103F-16F7-4668-BE54-9A1E7A4F7556}") = "Reservations.Core", "Reservations.Core.csproj", "{983B013B-6D32-48F6-89A2-07B6D32E3727}"
EndProject
Project("{9A19103F-16F7-4668-BE54-9A1E7A4F7556}") = "Reservations.Application", "..\Reservations.Application\Reservations.Application.csproj", "{D1D693D0-A7F1-41B9-BE99-512F909FEBBF}"
EndProject
Project("{9A19103F-16F7-4668-BE54-9A1E7A4F7556}") = "Reservations.Infrastructure", "..\Reservations.Infrastructure\Reservations.Infrastructure.csproj", "{EE003D76-8ADC-4183-9774-057535332F7D}"
EndProject
Project("{FAE04EC0-301F-11D3-BF4B-00C04F79EFBC}") = "Reservations.Api", "..\Reservations.Api\Reservations.Api.csproj", "{3EE014E6-720B-48D5-9CD2-BE5B52706E09}"
EndProject
Project("{FAE04EC0-301F-11D3-BF4B-00C04F79EFBC}") = "Reservations.TestApi", "..\Reservations.TestApi\Reservations.TestApi.csproj", "{7BFCBC7F-B758-488A-83E0-018FF2B55B2B}"
EndProject
Global
	GlobalSection(SolutionConfigurationPlatforms) = preSolution
		Debug|Any CPU = Debug|Any CPU
		Debug|x64 = Debug|x64
		Debug|x86 = Debug|x86
		Release|Any CPU = Release|Any CPU
		Release|x64 = Release|x64
		Release|x86 = Release|x86
	EndGlobalSection
	GlobalSection(ProjectConfigurationPlatforms) = postSolution
		{983B013B-6D32-48F6-89A2-07B6D32E3727}.Debug|Any CPU.ActiveCfg = Debug|Any CPU
		{983B013B-6D32-48F6-89A2-07B6D32E3727}.Debug|Any CPU.Build.0 = Debug|Any CPU
		{983B013B-6D32-48F6-89A2-07B6D32E3727}.Debug|x64.ActiveCfg = Debug|Any CPU
		{983B013B-6D32-48F6-89A2-07B6D32E3727}.Debug|x64.Build.0 = Debug|Any CPU
		{983B013B-6D32-48F6-89A2-07B6D32E3727}.Debug|x86.ActiveCfg = Debug|Any CPU
		{983B013B-6D32-48F6-89A2-07B6D32E3727}.Debug|x86.Build.0 = Debug|Any CPU
		{983B013B-6D32-48F6-89A2-07B6D32E3727}.Release|Any CPU.ActiveCfg = Release|Any CPU
		{983B013B-6D32-48F6-89A2-07B6D32E3727}.Release|Any CPU.Build.0 = Release|Any CPU
		{983B013B-6D32-48F6-89A2-07B6D32E3727}.Release|x64.ActiveCfg = Release|Any CPU
		{983B013B-6D32-48F6-89A2-07B6D32E3727}.Release|x64.Build.0 = Release|Any CPU
		{983B013B-6D32-48F6-89A2-07B6D32E3727}.Release|x86.ActiveCfg = Release|Any CPU
		{983B013B-6D32-48F6-89A2-07B6D32E3727}.Release|x86.Build.0 = Release|Any CPU
		{D1D693D0-A7F1-41B9-BE99-512F909FEBBF}.Debug|Any CPU.ActiveCfg = Debug|Any CPU
		{D1D693D0-A7F1-41B9-BE99-512F909FEBBF}.Debug|Any CPU.Build.0 = Debug|Any CPU
		{D1D693D0-A7F1-41B9-BE99-512F909FEBBF}.Debug|x64.ActiveCfg = Debug|Any CPU
		{D1D693D0-A7F1-41B9-BE99-512F909FEBBF}.Debug|x64.Build.0 = Debug|Any CPU
		{D1D693D0-A7F1-41B9-BE99-512F909FEBBF}.Debug|x86.ActiveCfg = Debug|Any CPU
		{D1D693D0-A7F1-41B9-BE99-512F909FEBBF}.Debug|x86.Build.0 = Debug|Any CPU
		{D1D693D0-A7F1-41B9-BE99-512F909FEBBF}.Release|Any CPU.ActiveCfg = Release|Any CPU
		{D1D693D0-A7F1-41B9-BE99-512F909FEBBF}.Release|Any CPU.Build.0 = Release|Any CPU
		{D1D693D0-A7F1-41B9-BE99-512F909FEBBF}.Release|x64.ActiveCfg = Release|Any CPU
		{D1D693D0-A7F1-41B9-BE99-512F909FEBBF}.Release|x64.Build.0 = Release|Any CPU
		{D1D693D0-A7F1-41B9-BE99-512F909FEBBF}.Release|x86.ActiveCfg = Release|Any CPU
		{D1D693D0-A7F1-41B9-BE99-512F909FEBBF}.Release|x86.Build.0 = Release|Any CPU
		{EE003D76-8ADC-4183-9774-057535332F7D}.Debug|Any CPU.ActiveCfg = Debug|Any CPU
		{EE003D76-8ADC-4183-9774-057535332F7D}.Debug|Any CPU.Build.0 = Debug|Any CPU
		{EE003D76-8ADC-4183-9774-057535332F7D}.Debug|x64.ActiveCfg = Debug|Any CPU
		{EE003D76-8ADC-4183-9774-057535332F7D}.Debug|x64.Build.0 = Debug|Any CPU
		{EE003D76-8ADC-4183-9774-057535332F7D}.Debug|x86.ActiveCfg = Debug|Any CPU
		{EE003D76-8ADC-4183-9774-057535332F7D}.Debug|x86.Build.0 = Debug|Any CPU
		{EE003D76-8ADC-4183-9774-057535332F7D}.Release|Any CPU.ActiveCfg = Release|Any CPU
		{EE003D76-8ADC-4183-9774-057535332F7D}.Release|Any CPU.Build.0 = Release|Any CPU
		{EE003D76-8ADC-4183-9774-057535332F7D}.Release|x64.ActiveCfg = Release|Any CPU
		{EE003D76-8ADC-4183-9774-057535332F7D}.Release|x64.Build.0 = Release|Any CPU
		{EE003D76-8ADC-4183-9774-057535332F7D}.Release|x86.ActiveCfg = Release|Any CPU
		{EE003D76-8ADC-4183-9774-057535332F7D}.Release|x86.Build.0 = Release|Any CPU
		{3EE014E6-720B-48D5-9CD2-BE5B52706E09}.Debug|Any CPU.ActiveCfg = Debug|Any CPU
		{3EE014E6-720B-48D5-9CD2-BE5B52706E09}.Debug|Any CPU.Build.0 = Debug|Any CPU
		{3EE014E6-720B-48D5-9CD2-BE5B52706E09}.Debug|x64.ActiveCfg = Debug|Any CPU
		{3EE014E6-720B-48D5-9CD2-BE5B52706E09}.Debug|x64.Build.0 = Debug|Any CPU
		{3EE014E6-720B-48D5-9CD2-BE5B52706E09}.Debug|x86.ActiveCfg = Debug|Any CPU
		{3EE014E6-720B-48D5-9CD2-BE5B52706E09}.Debug|x86.Build.0 = Debug|Any CPU
		{3EE014E6-720B-48D5-9CD2-BE5B52706E09}.Release|Any CPU.ActiveCfg = Release|Any CPU
		{3EE014E6-720B-48D5-9CD2-BE5B52706E09}.Release|Any CPU.Build.0 = Release|Any CPU
		{3EE014E6-720B-48D5-9CD2-BE5B52706E09}.Release|x64.ActiveCfg = Release|Any CPU
		{3EE014E6-720B-48D5-9CD2-BE5B52706E09}.Release|x64.Build.0 = Release|Any CPU
		{3EE014E6-720B-48D5-9CD2-BE5B52706E09}.Release|x86.ActiveCfg = Release|Any CPU
		{3EE014E6-720B-48D5-9CD2-BE5B52706E09}.Release|x86.Build.0 = Release|Any CPU
		{7BFCBC7F-B758-488A-83E0-018FF2B55B2B}.Debug|Any CPU.ActiveCfg = Debug|Any CPU
		{7BFCBC7F-B758-488A-83E0-018FF2B55B2B}.Debug|Any CPU.Build.0 = Debug|Any CPU
		{7BFCBC7F-B758-488A-83E0-018FF2B55B2B}.Debug|x64.ActiveCfg = Debug|Any CPU
		{7BFCBC7F-B758-488A-83E0-018FF2B55B2B}.Debug|x64.Build.0 = Debug|Any CPU
		{7BFCBC7F-B758-488A-83E0-018FF2B55B2B}.Debug|x86.ActiveCfg = Debug|Any CPU
		{7BFCBC7F-B758-488A-83E0-018FF2B55B2B}.Debug|x86.Build.0 = Debug|Any CPU
		{7BFCBC7F-B758-488A-83E0-018FF2B55B2B}.Release|Any CPU.ActiveCfg = Release|Any CPU
		{7BFCBC7F-B758-488A-83E0-018FF2B55B2B}.Release|Any CPU.Build.0 = Release|Any CPU
		{7BFCBC7F-B758-488A-83E0-018FF2B55B2B}.Release|x64.ActiveCfg = Release|Any CPU
		{7BFCBC7F-B758-488A-83E0-018FF2B55B2B}.Release|x64.Build.0 = Release|Any CPU
		{7BFCBC7F-B758-488A-83E0-018FF2B55B2B}.Release|x86.ActiveCfg = Release|Any CPU
		{7BFCBC7F-B758-488A-83E0-018FF2B55B2B}.Release|x86.Build.0 = Release|Any CPU
	EndGlobalSection
	GlobalSection(SolutionProperties) = preSolution
		HideSolutionNode = FALSE
	EndGlobalSection
	GlobalSection(ExtensibilityGlobals) = postSolution
		SolutionGuid = {DB46D0DB-A1C4-4C2F-B262-36699A1D45F5}
	EndGlobalSection
EndGlobal
