
Microsoft Visual Studio Solution File, Format Version 12.00
# Visual Studio Version 17
VisualStudioVersion = 17.9.34616.47
MinimumVisualStudioVersion = 10.0.40219.1
Project("{FAE04EC0-301F-11D3-BF4B-00C04F79EFBC}") = "Purchases.Api", "Purchases.Api\Purchases.Api.csproj", "{8AB961E6-66EA-4EAB-973C-0FA9B07D3260}"
EndProject
Project("{FAE04EC0-301F-11D3-BF4B-00C04F79EFBC}") = "Purchases.Core", "Purchases.Core\Purchases.Core.csproj", "{AA4120D1-911A-4F9E-8EA6-18C60E55825D}"
EndProject
Project("{FAE04EC0-301F-11D3-BF4B-00C04F79EFBC}") = "Purchases.Application", "Purchases.Application\Purchases.Application.csproj", "{0E6D8403-8BD6-46CC-8DF7-193C65158475}"
EndProject
Project("{FAE04EC0-301F-11D3-BF4B-00C04F79EFBC}") = "Purchases.Infrastructure", "Purchases.Infrastructure\Purchases.Infrastructure.csproj", "{B8E10F47-A726-4876-9B75-F686AABECE4B}"
EndProject
Global
	GlobalSection(SolutionConfigurationPlatforms) = preSolution
		Debug|Any CPU = Debug|Any CPU
		Release|Any CPU = Release|Any CPU
	EndGlobalSection
	GlobalSection(ProjectConfigurationPlatforms) = postSolution
		{8AB961E6-66EA-4EAB-973C-0FA9B07D3260}.Debug|Any CPU.ActiveCfg = Debug|Any CPU
		{8AB961E6-66EA-4EAB-973C-0FA9B07D3260}.Debug|Any CPU.Build.0 = Debug|Any CPU
		{8AB961E6-66EA-4EAB-973C-0FA9B07D3260}.Release|Any CPU.ActiveCfg = Release|Any CPU
		{8AB961E6-66EA-4EAB-973C-0FA9B07D3260}.Release|Any CPU.Build.0 = Release|Any CPU
		{AA4120D1-911A-4F9E-8EA6-18C60E55825D}.Debug|Any CPU.ActiveCfg = Debug|Any CPU
		{AA4120D1-911A-4F9E-8EA6-18C60E55825D}.Debug|Any CPU.Build.0 = Debug|Any CPU
		{AA4120D1-911A-4F9E-8EA6-18C60E55825D}.Release|Any CPU.ActiveCfg = Release|Any CPU
		{AA4120D1-911A-4F9E-8EA6-18C60E55825D}.Release|Any CPU.Build.0 = Release|Any CPU
		{0E6D8403-8BD6-46CC-8DF7-193C65158475}.Debug|Any CPU.ActiveCfg = Debug|Any CPU
		{0E6D8403-8BD6-46CC-8DF7-193C65158475}.Debug|Any CPU.Build.0 = Debug|Any CPU
		{0E6D8403-8BD6-46CC-8DF7-193C65158475}.Release|Any CPU.ActiveCfg = Release|Any CPU
		{0E6D8403-8BD6-46CC-8DF7-193C65158475}.Release|Any CPU.Build.0 = Release|Any CPU
		{B8E10F47-A726-4876-9B75-F686AABECE4B}.Debug|Any CPU.ActiveCfg = Debug|Any CPU
		{B8E10F47-A726-4876-9B75-F686AABECE4B}.Debug|Any CPU.Build.0 = Debug|Any CPU
		{B8E10F47-A726-4876-9B75-F686AABECE4B}.Release|Any CPU.ActiveCfg = Release|Any CPU
		{B8E10F47-A726-4876-9B75-F686AABECE4B}.Release|Any CPU.Build.0 = Release|Any CPU
	EndGlobalSection
	GlobalSection(SolutionProperties) = preSolution
		HideSolutionNode = FALSE
	EndGlobalSection
	GlobalSection(ExtensibilityGlobals) = postSolution
		SolutionGuid = {887C39CF-F884-4AB0-A06F-C3733B7BF64C}
	EndGlobalSection
EndGlobal
